<?xml version="1.0" encoding="utf-8"?>
<Project ToolsVersion="4.0" xmlns="http://schemas.microsoft.com/developer/msbuild/2003">
  <ItemGroup>
    <Filter Include="Azteck">
      <UniqueIdentifier>{E7595FA8-D3FB-897E-BCB6-9DD2A8F710CF}</UniqueIdentifier>
    </Filter>
    <Filter Include="Azteck\Events">
      <UniqueIdentifier>{EBFB5D85-57BC-D9BB-20F7-22398C761E98}</UniqueIdentifier>
    </Filter>
    <Filter Include="Azteck\ImGui">
      <UniqueIdentifier>{5160931B-3DC3-22C0-E648-5B76D28AEE42}</UniqueIdentifier>
    </Filter>
    <Filter Include="Platform">
      <UniqueIdentifier>{2AC788B4-1694-E3BF-3FAD-D1672BD9184E}</UniqueIdentifier>
    </Filter>
    <Filter Include="Platform\OpenGL">
      <UniqueIdentifier>{1E7D2C1D-8A08-9AE1-9319-1DD6FF23F6E1}</UniqueIdentifier>
    </Filter>
    <Filter Include="Platform\Windows">
      <UniqueIdentifier>{64FBD71A-50F4-F66C-7926-DCF1657ED678}</UniqueIdentifier>
    </Filter>
  </ItemGroup>
  <ItemGroup>
    <ClInclude Include="src\Azteck.h" />
    <ClInclude Include="src\Azteck\Application.h">
      <Filter>Azteck</Filter>
    </ClInclude>
    <ClInclude Include="src\Azteck\Core.h">
      <Filter>Azteck</Filter>
    </ClInclude>
    <ClInclude Include="src\Azteck\EntryPoint.h">
      <Filter>Azteck</Filter>
    </ClInclude>
    <ClInclude Include="src\Azteck\Events\ApplicationEvent.h">
      <Filter>Azteck\Events</Filter>
    </ClInclude>
    <ClInclude Include="src\Azteck\Events\Event.h">
      <Filter>Azteck\Events</Filter>
    </ClInclude>
    <ClInclude Include="src\Azteck\Events\KeyEvent.h">
      <Filter>Azteck\Events</Filter>
    </ClInclude>
    <ClInclude Include="src\Azteck\Events\MouseEvent.h">
      <Filter>Azteck\Events</Filter>
    </ClInclude>
    <ClInclude Include="src\Azteck\ImGui\ImGuiLayer.h">
      <Filter>Azteck\ImGui</Filter>
    </ClInclude>
    <ClInclude Include="src\Azteck\Layer.h">
      <Filter>Azteck</Filter>
    </ClInclude>
    <ClInclude Include="src\Azteck\LayerStack.h">
      <Filter>Azteck</Filter>
    </ClInclude>
    <ClInclude Include="src\Azteck\Log.h">
      <Filter>Azteck</Filter>
    </ClInclude>
    <ClInclude Include="src\Azteck\Window.h">
      <Filter>Azteck</Filter>
    </ClInclude>
    <ClInclude Include="src\Platform\OpenGL\ImGuiOpenGLRenderer.h">
      <Filter>Platform\OpenGL</Filter>
    </ClInclude>
    <ClInclude Include="src\Platform\OpenGL\ImGuiOpenGLRendererLoader.h">
      <Filter>Platform\OpenGL</Filter>
    </ClInclude>
    <ClInclude Include="src\Platform\Windows\WindowsWindow.h">
      <Filter>Platform\Windows</Filter>
    </ClInclude>
    <ClInclude Include="src\azpch.h" />
    <ClInclude Include="src\Azteck\Input.h" />
    <ClInclude Include="src\Platform\Windows\WindowsInput.h" />
  </ItemGroup>
  <ItemGroup>
    <ClCompile Include="src\Azteck\Application.cpp">
      <Filter>Azteck</Filter>
    </ClCompile>
    <ClCompile Include="src\Azteck\ImGui\ImGuiLayer.cpp">
      <Filter>Azteck\ImGui</Filter>
    </ClCompile>
    <ClCompile Include="src\Azteck\Layer.cpp">
      <Filter>Azteck</Filter>
    </ClCompile>
    <ClCompile Include="src\Azteck\LayerStack.cpp">
      <Filter>Azteck</Filter>
    </ClCompile>
    <ClCompile Include="src\Azteck\Log.cpp">
      <Filter>Azteck</Filter>
    </ClCompile>
    <ClCompile Include="src\Platform\OpenGL\ImGuiOpenGLRenderer.cpp">
      <Filter>Platform\OpenGL</Filter>
    </ClCompile>
    <ClCompile Include="src\Platform\Windows\WindowsWindow.cpp">
      <Filter>Platform\Windows</Filter>
    </ClCompile>
    <ClCompile Include="src\azpch.cpp" />
    <ClCompile Include="src\Platform\Windows\WindowsInput.cpp" />
  </ItemGroup>
</Project>